
Microsoft Visual Studio Solution File, Format Version 12.00
# Visual Studio Version 16
VisualStudioVersion = 16.0.30621.155
MinimumVisualStudioVersion = 10.0.40219.1
Project("{8BC9CEB8-8B4A-11D0-8D11-00A0C91BC942}") = "lab_1", "lab_1\lab_1.vcxproj", "{B4CCE8E0-91BE-4EF9-9EA8-91B30D0D1734}"
EndProject
Global
	GlobalSection(SolutionConfigurationPlatforms) = preSolution
		Debug|x64 = Debug|x64
		Debug|x86 = Debug|x86
		Release|x64 = Release|x64
		Release|x86 = Release|x86
	EndGlobalSection
	GlobalSection(ProjectConfigurationPlatforms) = postSolution
		{B4CCE8E0-91BE-4EF9-9EA8-91B30D0D1734}.Debug|x64.ActiveCfg = Debug|x64
		{B4CCE8E0-91BE-4EF9-9EA8-91B30D0D1734}.Debug|x64.Build.0 = Debug|x64
		{B4CCE8E0-91BE-4EF9-9EA8-91B30D0D1734}.Debug|x86.ActiveCfg = Debug|Win32
		{B4CCE8E0-91BE-4EF9-9EA8-91B30D0D1734}.Debug|x86.Build.0 = Debug|Win32
		{B4CCE8E0-91BE-4EF9-9EA8-91B30D0D1734}.Release|x64.ActiveCfg = Release|x64
		{B4CCE8E0-91BE-4EF9-9EA8-91B30D0D1734}.Release|x64.Build.0 = Release|x64
		{B4CCE8E0-91BE-4EF9-9EA8-91B30D0D1734}.Release|x86.ActiveCfg = Release|Win32
		{B4CCE8E0-91BE-4EF9-9EA8-91B30D0D1734}.Release|x86.Build.0 = Release|Win32
	EndGlobalSection
	GlobalSection(SolutionProperties) = preSolution
		HideSolutionNode = FALSE
	EndGlobalSection
	GlobalSection(ExtensibilityGlobals) = postSolution
		SolutionGuid = {BCAD7EFE-9CB6-4578-941F-C74A7798D858}
	EndGlobalSection
EndGlobal
